// !$*UTF8*$!
{
	archiveVersion = 1;
	classes = {
	};
	objectVersion = 56;
	objects = {

/* Begin PBXBuildFile section */
		1D6CB52429D6D8AC007BE8B0 /* LoginModel.swift in Sources */ = {isa = PBXBuildFile; fileRef = 1D6CB52329D6D8AC007BE8B0 /* LoginModel.swift */; };
		1D6CB52629D6D8F3007BE8B0 /* LoginViewModel.swift in Sources */ = {isa = PBXBuildFile; fileRef = 1D6CB52529D6D8F3007BE8B0 /* LoginViewModel.swift */; };
		1D6CB52829D6DDF4007BE8B0 /* ResponseModel.swift in Sources */ = {isa = PBXBuildFile; fileRef = 1D6CB52729D6DDF4007BE8B0 /* ResponseModel.swift */; };
		1D6CB52A29D6DE2A007BE8B0 /* SingleResponseModel.swift in Sources */ = {isa = PBXBuildFile; fileRef = 1D6CB52929D6DE2A007BE8B0 /* SingleResponseModel.swift */; };
		1D6CB52C29D6DF40007BE8B0 /* ListResponseModel.swift in Sources */ = {isa = PBXBuildFile; fileRef = 1D6CB52B29D6DF40007BE8B0 /* ListResponseModel.swift */; };
		1D6CB52E29D6E34D007BE8B0 /* TokenModel.swift in Sources */ = {isa = PBXBuildFile; fileRef = 1D6CB52D29D6E34D007BE8B0 /* TokenModel.swift */; };
		1DD1AAD029D44707005895EA /* xTChatApp.swift in Sources */ = {isa = PBXBuildFile; fileRef = 1DD1AACF29D44707005895EA /* xTChatApp.swift */; };
		1DD1AAD429D44709005895EA /* Assets.xcassets in Resources */ = {isa = PBXBuildFile; fileRef = 1DD1AAD329D44709005895EA /* Assets.xcassets */; };
		1DD1AAD729D44709005895EA /* Preview Assets.xcassets in Resources */ = {isa = PBXBuildFile; fileRef = 1DD1AAD629D44709005895EA /* Preview Assets.xcassets */; };
		1DD1AAE129D44709005895EA /* xTChatTests.swift in Sources */ = {isa = PBXBuildFile; fileRef = 1DD1AAE029D44709005895EA /* xTChatTests.swift */; };
		1DD1AAEB29D44709005895EA /* xTChatUITests.swift in Sources */ = {isa = PBXBuildFile; fileRef = 1DD1AAEA29D44709005895EA /* xTChatUITests.swift */; };
		1DD1AAED29D44709005895EA /* xTChatUITestsLaunchTests.swift in Sources */ = {isa = PBXBuildFile; fileRef = 1DD1AAEC29D44709005895EA /* xTChatUITestsLaunchTests.swift */; };
		1DD1AAFB29D44750005895EA /* LoginView.swift in Sources */ = {isa = PBXBuildFile; fileRef = 1DD1AAFA29D44750005895EA /* LoginView.swift */; };
		1DD1AAFD29D44D9F005895EA /* MainView.swift in Sources */ = {isa = PBXBuildFile; fileRef = 1DD1AAFC29D44D9F005895EA /* MainView.swift */; };
/* End PBXBuildFile section */

/* Begin PBXContainerItemProxy section */
		1DD1AADD29D44709005895EA /* PBXContainerItemProxy */ = {
			isa = PBXContainerItemProxy;
			containerPortal = 1DD1AAC429D44707005895EA /* Project object */;
			proxyType = 1;
			remoteGlobalIDString = 1DD1AACB29D44707005895EA;
			remoteInfo = xTMessage;
		};
		1DD1AAE729D44709005895EA /* PBXContainerItemProxy */ = {
			isa = PBXContainerItemProxy;
			containerPortal = 1DD1AAC429D44707005895EA /* Project object */;
			proxyType = 1;
			remoteGlobalIDString = 1DD1AACB29D44707005895EA;
			remoteInfo = xTMessage;
		};
/* End PBXContainerItemProxy section */

/* Begin PBXFileReference section */
		1D6CB52329D6D8AC007BE8B0 /* LoginModel.swift */ = {isa = PBXFileReference; lastKnownFileType = sourcecode.swift; path = LoginModel.swift; sourceTree = "<group>"; };
		1D6CB52529D6D8F3007BE8B0 /* LoginViewModel.swift */ = {isa = PBXFileReference; lastKnownFileType = sourcecode.swift; path = LoginViewModel.swift; sourceTree = "<group>"; };
		1D6CB52729D6DDF4007BE8B0 /* ResponseModel.swift */ = {isa = PBXFileReference; lastKnownFileType = sourcecode.swift; path = ResponseModel.swift; sourceTree = "<group>"; };
		1D6CB52929D6DE2A007BE8B0 /* SingleResponseModel.swift */ = {isa = PBXFileReference; lastKnownFileType = sourcecode.swift; path = SingleResponseModel.swift; sourceTree = "<group>"; };
		1D6CB52B29D6DF40007BE8B0 /* ListResponseModel.swift */ = {isa = PBXFileReference; lastKnownFileType = sourcecode.swift; path = ListResponseModel.swift; sourceTree = "<group>"; };
		1D6CB52D29D6E34D007BE8B0 /* TokenModel.swift */ = {isa = PBXFileReference; lastKnownFileType = sourcecode.swift; path = TokenModel.swift; sourceTree = "<group>"; };
		1DD1AACC29D44707005895EA /* xTChat.app */ = {isa = PBXFileReference; explicitFileType = wrapper.application; includeInIndex = 0; path = xTChat.app; sourceTree = BUILT_PRODUCTS_DIR; };
		1DD1AACF29D44707005895EA /* xTChatApp.swift */ = {isa = PBXFileReference; lastKnownFileType = sourcecode.swift; path = xTChatApp.swift; sourceTree = "<group>"; };
		1DD1AAD329D44709005895EA /* Assets.xcassets */ = {isa = PBXFileReference; lastKnownFileType = folder.assetcatalog; path = Assets.xcassets; sourceTree = "<group>"; };
		1DD1AAD629D44709005895EA /* Preview Assets.xcassets */ = {isa = PBXFileReference; lastKnownFileType = folder.assetcatalog; path = "Preview Assets.xcassets"; sourceTree = "<group>"; };
		1DD1AADC29D44709005895EA /* xTChatTests.xctest */ = {isa = PBXFileReference; explicitFileType = wrapper.cfbundle; includeInIndex = 0; path = xTChatTests.xctest; sourceTree = BUILT_PRODUCTS_DIR; };
		1DD1AAE029D44709005895EA /* xTChatTests.swift */ = {isa = PBXFileReference; lastKnownFileType = sourcecode.swift; path = xTChatTests.swift; sourceTree = "<group>"; };
		1DD1AAE629D44709005895EA /* xTChatUITests.xctest */ = {isa = PBXFileReference; explicitFileType = wrapper.cfbundle; includeInIndex = 0; path = xTChatUITests.xctest; sourceTree = BUILT_PRODUCTS_DIR; };
		1DD1AAEA29D44709005895EA /* xTChatUITests.swift */ = {isa = PBXFileReference; lastKnownFileType = sourcecode.swift; path = xTChatUITests.swift; sourceTree = "<group>"; };
		1DD1AAEC29D44709005895EA /* xTChatUITestsLaunchTests.swift */ = {isa = PBXFileReference; lastKnownFileType = sourcecode.swift; path = xTChatUITestsLaunchTests.swift; sourceTree = "<group>"; };
		1DD1AAFA29D44750005895EA /* LoginView.swift */ = {isa = PBXFileReference; lastKnownFileType = sourcecode.swift; path = LoginView.swift; sourceTree = "<group>"; };
		1DD1AAFC29D44D9F005895EA /* MainView.swift */ = {isa = PBXFileReference; lastKnownFileType = sourcecode.swift; path = MainView.swift; sourceTree = "<group>"; };
/* End PBXFileReference section */

/* Begin PBXFrameworksBuildPhase section */
		1DD1AAC929D44707005895EA /* Frameworks */ = {
			isa = PBXFrameworksBuildPhase;
			buildActionMask = 2147483647;
			files = (
			);
			runOnlyForDeploymentPostprocessing = 0;
		};
		1DD1AAD929D44709005895EA /* Frameworks */ = {
			isa = PBXFrameworksBuildPhase;
			buildActionMask = 2147483647;
			files = (
			);
			runOnlyForDeploymentPostprocessing = 0;
		};
		1DD1AAE329D44709005895EA /* Frameworks */ = {
			isa = PBXFrameworksBuildPhase;
			buildActionMask = 2147483647;
			files = (
			);
			runOnlyForDeploymentPostprocessing = 0;
		};
/* End PBXFrameworksBuildPhase section */

/* Begin PBXGroup section */
		1D6CB52029D6D479007BE8B0 /* ViewModels */ = {
			isa = PBXGroup;
			children = (
				1D6CB52529D6D8F3007BE8B0 /* LoginViewModel.swift */,
			);
			path = ViewModels;
			sourceTree = "<group>";
		};
		1D6CB52129D6D489007BE8B0 /* Models */ = {
			isa = PBXGroup;
			children = (
				1D6CB53029D6E369007BE8B0 /* Auth */,
				1D6CB52F29D6E352007BE8B0 /* Response */,
			);
			path = Models;
			sourceTree = "<group>";
		};
		1D6CB52229D6D494007BE8B0 /* Lifecycle */ = {
			isa = PBXGroup;
			children = (
				1DD1AACF29D44707005895EA /* xTChatApp.swift */,
			);
			path = Lifecycle;
			sourceTree = "<group>";
		};
		1D6CB52F29D6E352007BE8B0 /* Response */ = {
			isa = PBXGroup;
			children = (
				1D6CB52B29D6DF40007BE8B0 /* ListResponseModel.swift */,
				1D6CB52929D6DE2A007BE8B0 /* SingleResponseModel.swift */,
				1D6CB52729D6DDF4007BE8B0 /* ResponseModel.swift */,
			);
			path = Response;
			sourceTree = "<group>";
		};
		1D6CB53029D6E369007BE8B0 /* Auth */ = {
			isa = PBXGroup;
			children = (
				1D6CB52D29D6E34D007BE8B0 /* TokenModel.swift */,
				1D6CB52329D6D8AC007BE8B0 /* LoginModel.swift */,
			);
			path = Auth;
			sourceTree = "<group>";
		};
		1DD1AAC329D44707005895EA = {
			isa = PBXGroup;
			children = (
				1DD1AACE29D44707005895EA /* xTChat */,
				1DD1AADF29D44709005895EA /* xTChatTests */,
				1DD1AAE929D44709005895EA /* xTChatUITests */,
				1DD1AACD29D44707005895EA /* Products */,
			);
			sourceTree = "<group>";
		};
		1DD1AACD29D44707005895EA /* Products */ = {
			isa = PBXGroup;
			children = (
				1DD1AACC29D44707005895EA /* xTChat.app */,
				1DD1AADC29D44709005895EA /* xTChatTests.xctest */,
				1DD1AAE629D44709005895EA /* xTChatUITests.xctest */,
			);
			name = Products;
			sourceTree = "<group>";
		};
		1DD1AACE29D44707005895EA /* xTChat */ = {
			isa = PBXGroup;
			children = (
				1D6CB52229D6D494007BE8B0 /* Lifecycle */,
				1D6CB52129D6D489007BE8B0 /* Models */,
				1D6CB52029D6D479007BE8B0 /* ViewModels */,
				1DD1AAF929D4473D005895EA /* Views */,
				1DD1AAD329D44709005895EA /* Assets.xcassets */,
				1DD1AAD529D44709005895EA /* Preview Content */,
			);
			path = xTChat;
			sourceTree = "<group>";
		};
		1DD1AAD529D44709005895EA /* Preview Content */ = {
			isa = PBXGroup;
			children = (
				1DD1AAD629D44709005895EA /* Preview Assets.xcassets */,
			);
			path = "Preview Content";
			sourceTree = "<group>";
		};
		1DD1AADF29D44709005895EA /* xTChatTests */ = {
			isa = PBXGroup;
			children = (
				1DD1AAE029D44709005895EA /* xTChatTests.swift */,
			);
			path = xTChatTests;
			sourceTree = "<group>";
		};
		1DD1AAE929D44709005895EA /* xTChatUITests */ = {
			isa = PBXGroup;
			children = (
				1DD1AAEA29D44709005895EA /* xTChatUITests.swift */,
				1DD1AAEC29D44709005895EA /* xTChatUITestsLaunchTests.swift */,
			);
			path = xTChatUITests;
			sourceTree = "<group>";
		};
		1DD1AAF929D4473D005895EA /* Views */ = {
			isa = PBXGroup;
			children = (
				1DD1AAFA29D44750005895EA /* LoginView.swift */,
				1DD1AAFC29D44D9F005895EA /* MainView.swift */,
			);
			path = Views;
			sourceTree = "<group>";
		};
/* End PBXGroup section */

/* Begin PBXNativeTarget section */
		1DD1AACB29D44707005895EA /* xTChat */ = {
			isa = PBXNativeTarget;
			buildConfigurationList = 1DD1AAF029D44709005895EA /* Build configuration list for PBXNativeTarget "xTChat" */;
			buildPhases = (
				1DD1AAC829D44707005895EA /* Sources */,
				1DD1AAC929D44707005895EA /* Frameworks */,
				1DD1AACA29D44707005895EA /* Resources */,
			);
			buildRules = (
			);
			dependencies = (
			);
			name = xTChat;
			productName = xTMessage;
			productReference = 1DD1AACC29D44707005895EA /* xTChat.app */;
			productType = "com.apple.product-type.application";
		};
		1DD1AADB29D44709005895EA /* xTChatTests */ = {
			isa = PBXNativeTarget;
			buildConfigurationList = 1DD1AAF329D44709005895EA /* Build configuration list for PBXNativeTarget "xTChatTests" */;
			buildPhases = (
				1DD1AAD829D44709005895EA /* Sources */,
				1DD1AAD929D44709005895EA /* Frameworks */,
				1DD1AADA29D44709005895EA /* Resources */,
			);
			buildRules = (
			);
			dependencies = (
				1DD1AADE29D44709005895EA /* PBXTargetDependency */,
			);
			name = xTChatTests;
			productName = xTMessageTests;
			productReference = 1DD1AADC29D44709005895EA /* xTChatTests.xctest */;
			productType = "com.apple.product-type.bundle.unit-test";
		};
		1DD1AAE529D44709005895EA /* xTChatUITests */ = {
			isa = PBXNativeTarget;
			buildConfigurationList = 1DD1AAF629D44709005895EA /* Build configuration list for PBXNativeTarget "xTChatUITests" */;
			buildPhases = (
				1DD1AAE229D44709005895EA /* Sources */,
				1DD1AAE329D44709005895EA /* Frameworks */,
				1DD1AAE429D44709005895EA /* Resources */,
			);
			buildRules = (
			);
			dependencies = (
				1DD1AAE829D44709005895EA /* PBXTargetDependency */,
			);
			name = xTChatUITests;
			productName = xTMessageUITests;
			productReference = 1DD1AAE629D44709005895EA /* xTChatUITests.xctest */;
			productType = "com.apple.product-type.bundle.ui-testing";
		};
/* End PBXNativeTarget section */

/* Begin PBXProject section */
		1DD1AAC429D44707005895EA /* Project object */ = {
			isa = PBXProject;
			attributes = {
				BuildIndependentTargetsInParallel = 1;
				LastSwiftUpdateCheck = 1420;
				LastUpgradeCheck = 1420;
				TargetAttributes = {
					1DD1AACB29D44707005895EA = {
						CreatedOnToolsVersion = 14.2;
					};
					1DD1AADB29D44709005895EA = {
						CreatedOnToolsVersion = 14.2;
						TestTargetID = 1DD1AACB29D44707005895EA;
					};
					1DD1AAE529D44709005895EA = {
						CreatedOnToolsVersion = 14.2;
						TestTargetID = 1DD1AACB29D44707005895EA;
					};
				};
			};
			buildConfigurationList = 1DD1AAC729D44707005895EA /* Build configuration list for PBXProject "xTChat" */;
			compatibilityVersion = "Xcode 14.0";
			developmentRegion = en;
			hasScannedForEncodings = 0;
			knownRegions = (
				en,
				Base,
			);
			mainGroup = 1DD1AAC329D44707005895EA;
			productRefGroup = 1DD1AACD29D44707005895EA /* Products */;
			projectDirPath = "";
			projectRoot = "";
			targets = (
				1DD1AACB29D44707005895EA /* xTChat */,
				1DD1AADB29D44709005895EA /* xTChatTests */,
				1DD1AAE529D44709005895EA /* xTChatUITests */,
			);
		};
/* End PBXProject section */

/* Begin PBXResourcesBuildPhase section */
		1DD1AACA29D44707005895EA /* Resources */ = {
			isa = PBXResourcesBuildPhase;
			buildActionMask = 2147483647;
			files = (
				1DD1AAD729D44709005895EA /* Preview Assets.xcassets in Resources */,
				1DD1AAD429D44709005895EA /* Assets.xcassets in Resources */,
			);
			runOnlyForDeploymentPostprocessing = 0;
		};
		1DD1AADA29D44709005895EA /* Resources */ = {
			isa = PBXResourcesBuildPhase;
			buildActionMask = 2147483647;
			files = (
			);
			runOnlyForDeploymentPostprocessing = 0;
		};
		1DD1AAE429D44709005895EA /* Resources */ = {
			isa = PBXResourcesBuildPhase;
			buildActionMask = 2147483647;
			files = (
			);
			runOnlyForDeploymentPostprocessing = 0;
		};
/* End PBXResourcesBuildPhase section */

/* Begin PBXSourcesBuildPhase section */
		1DD1AAC829D44707005895EA /* Sources */ = {
			isa = PBXSourcesBuildPhase;
			buildActionMask = 2147483647;
			files = (
				1DD1AAFB29D44750005895EA /* LoginView.swift in Sources */,
				1D6CB52E29D6E34D007BE8B0 /* TokenModel.swift in Sources */,
				1D6CB52429D6D8AC007BE8B0 /* LoginModel.swift in Sources */,
				1DD1AAFD29D44D9F005895EA /* MainView.swift in Sources */,
				1D6CB52629D6D8F3007BE8B0 /* LoginViewModel.swift in Sources */,
				1D6CB52829D6DDF4007BE8B0 /* ResponseModel.swift in Sources */,
				1DD1AAD029D44707005895EA /* xTChatApp.swift in Sources */,
				1D6CB52C29D6DF40007BE8B0 /* ListResponseModel.swift in Sources */,
				1D6CB52A29D6DE2A007BE8B0 /* SingleResponseModel.swift in Sources */,
			);
			runOnlyForDeploymentPostprocessing = 0;
		};
		1DD1AAD829D44709005895EA /* Sources */ = {
			isa = PBXSourcesBuildPhase;
			buildActionMask = 2147483647;
			files = (
				1DD1AAE129D44709005895EA /* xTChatTests.swift in Sources */,
			);
			runOnlyForDeploymentPostprocessing = 0;
		};
		1DD1AAE229D44709005895EA /* Sources */ = {
			isa = PBXSourcesBuildPhase;
			buildActionMask = 2147483647;
			files = (
				1DD1AAED29D44709005895EA /* xTChatUITestsLaunchTests.swift in Sources */,
				1DD1AAEB29D44709005895EA /* xTChatUITests.swift in Sources */,
			);
			runOnlyForDeploymentPostprocessing = 0;
		};
/* End PBXSourcesBuildPhase section */

/* Begin PBXTargetDependency section */
		1DD1AADE29D44709005895EA /* PBXTargetDependency */ = {
			isa = PBXTargetDependency;
			target = 1DD1AACB29D44707005895EA /* xTChat */;
			targetProxy = 1DD1AADD29D44709005895EA /* PBXContainerItemProxy */;
		};
		1DD1AAE829D44709005895EA /* PBXTargetDependency */ = {
			isa = PBXTargetDependency;
			target = 1DD1AACB29D44707005895EA /* xTChat */;
			targetProxy = 1DD1AAE729D44709005895EA /* PBXContainerItemProxy */;
		};
/* End PBXTargetDependency section */

/* Begin XCBuildConfiguration section */
		1DD1AAEE29D44709005895EA /* Debug */ = {
			isa = XCBuildConfiguration;
			buildSettings = {
				ALWAYS_SEARCH_USER_PATHS = NO;
				CLANG_ANALYZER_NONNULL = YES;
				CLANG_ANALYZER_NUMBER_OBJECT_CONVERSION = YES_AGGRESSIVE;
				CLANG_CXX_LANGUAGE_STANDARD = "gnu++20";
				CLANG_ENABLE_MODULES = YES;
				CLANG_ENABLE_OBJC_ARC = YES;
				CLANG_ENABLE_OBJC_WEAK = YES;
				CLANG_WARN_BLOCK_CAPTURE_AUTORELEASING = YES;
				CLANG_WARN_BOOL_CONVERSION = YES;
				CLANG_WARN_COMMA = YES;
				CLANG_WARN_CONSTANT_CONVERSION = YES;
				CLANG_WARN_DEPRECATED_OBJC_IMPLEMENTATIONS = YES;
				CLANG_WARN_DIRECT_OBJC_ISA_USAGE = YES_ERROR;
				CLANG_WARN_DOCUMENTATION_COMMENTS = YES;
				CLANG_WARN_EMPTY_BODY = YES;
				CLANG_WARN_ENUM_CONVERSION = YES;
				CLANG_WARN_INFINITE_RECURSION = YES;
				CLANG_WARN_INT_CONVERSION = YES;
				CLANG_WARN_NON_LITERAL_NULL_CONVERSION = YES;
				CLANG_WARN_OBJC_IMPLICIT_RETAIN_SELF = YES;
				CLANG_WARN_OBJC_LITERAL_CONVERSION = YES;
				CLANG_WARN_OBJC_ROOT_CLASS = YES_ERROR;
				CLANG_WARN_QUOTED_INCLUDE_IN_FRAMEWORK_HEADER = YES;
				CLANG_WARN_RANGE_LOOP_ANALYSIS = YES;
				CLANG_WARN_STRICT_PROTOTYPES = YES;
				CLANG_WARN_SUSPICIOUS_MOVE = YES;
				CLANG_WARN_UNGUARDED_AVAILABILITY = YES_AGGRESSIVE;
				CLANG_WARN_UNREACHABLE_CODE = YES;
				CLANG_WARN__DUPLICATE_METHOD_MATCH = YES;
				COPY_PHASE_STRIP = NO;
				DEBUG_INFORMATION_FORMAT = dwarf;
				ENABLE_STRICT_OBJC_MSGSEND = YES;
				ENABLE_TESTABILITY = YES;
				GCC_C_LANGUAGE_STANDARD = gnu11;
				GCC_DYNAMIC_NO_PIC = NO;
				GCC_NO_COMMON_BLOCKS = YES;
				GCC_OPTIMIZATION_LEVEL = 0;
				GCC_PREPROCESSOR_DEFINITIONS = (
					"DEBUG=1",
					"$(inherited)",
				);
				GCC_WARN_64_TO_32_BIT_CONVERSION = YES;
				GCC_WARN_ABOUT_RETURN_TYPE = YES_ERROR;
				GCC_WARN_UNDECLARED_SELECTOR = YES;
				GCC_WARN_UNINITIALIZED_AUTOS = YES_AGGRESSIVE;
				GCC_WARN_UNUSED_FUNCTION = YES;
				GCC_WARN_UNUSED_VARIABLE = YES;
				IPHONEOS_DEPLOYMENT_TARGET = 16.2;
				MTL_ENABLE_DEBUG_INFO = INCLUDE_SOURCE;
				MTL_FAST_MATH = YES;
				ONLY_ACTIVE_ARCH = YES;
				SDKROOT = iphoneos;
				SWIFT_ACTIVE_COMPILATION_CONDITIONS = DEBUG;
				SWIFT_OPTIMIZATION_LEVEL = "-Onone";
			};
			name = Debug;
		};
		1DD1AAEF29D44709005895EA /* Release */ = {
			isa = XCBuildConfiguration;
			buildSettings = {
				ALWAYS_SEARCH_USER_PATHS = NO;
				CLANG_ANALYZER_NONNULL = YES;
				CLANG_ANALYZER_NUMBER_OBJECT_CONVERSION = YES_AGGRESSIVE;
				CLANG_CXX_LANGUAGE_STANDARD = "gnu++20";
				CLANG_ENABLE_MODULES = YES;
				CLANG_ENABLE_OBJC_ARC = YES;
				CLANG_ENABLE_OBJC_WEAK = YES;
				CLANG_WARN_BLOCK_CAPTURE_AUTORELEASING = YES;
				CLANG_WARN_BOOL_CONVERSION = YES;
				CLANG_WARN_COMMA = YES;
				CLANG_WARN_CONSTANT_CONVERSION = YES;
				CLANG_WARN_DEPRECATED_OBJC_IMPLEMENTATIONS = YES;
				CLANG_WARN_DIRECT_OBJC_ISA_USAGE = YES_ERROR;
				CLANG_WARN_DOCUMENTATION_COMMENTS = YES;
				CLANG_WARN_EMPTY_BODY = YES;
				CLANG_WARN_ENUM_CONVERSION = YES;
				CLANG_WARN_INFINITE_RECURSION = YES;
				CLANG_WARN_INT_CONVERSION = YES;
				CLANG_WARN_NON_LITERAL_NULL_CONVERSION = YES;
				CLANG_WARN_OBJC_IMPLICIT_RETAIN_SELF = YES;
				CLANG_WARN_OBJC_LITERAL_CONVERSION = YES;
				CLANG_WARN_OBJC_ROOT_CLASS = YES_ERROR;
				CLANG_WARN_QUOTED_INCLUDE_IN_FRAMEWORK_HEADER = YES;
				CLANG_WARN_RANGE_LOOP_ANALYSIS = YES;
				CLANG_WARN_STRICT_PROTOTYPES = YES;
				CLANG_WARN_SUSPICIOUS_MOVE = YES;
				CLANG_WARN_UNGUARDED_AVAILABILITY = YES_AGGRESSIVE;
				CLANG_WARN_UNREACHABLE_CODE = YES;
				CLANG_WARN__DUPLICATE_METHOD_MATCH = YES;
				COPY_PHASE_STRIP = NO;
				DEBUG_INFORMATION_FORMAT = "dwarf-with-dsym";
				ENABLE_NS_ASSERTIONS = NO;
				ENABLE_STRICT_OBJC_MSGSEND = YES;
				GCC_C_LANGUAGE_STANDARD = gnu11;
				GCC_NO_COMMON_BLOCKS = YES;
				GCC_WARN_64_TO_32_BIT_CONVERSION = YES;
				GCC_WARN_ABOUT_RETURN_TYPE = YES_ERROR;
				GCC_WARN_UNDECLARED_SELECTOR = YES;
				GCC_WARN_UNINITIALIZED_AUTOS = YES_AGGRESSIVE;
				GCC_WARN_UNUSED_FUNCTION = YES;
				GCC_WARN_UNUSED_VARIABLE = YES;
				IPHONEOS_DEPLOYMENT_TARGET = 16.2;
				MTL_ENABLE_DEBUG_INFO = NO;
				MTL_FAST_MATH = YES;
				SDKROOT = iphoneos;
				SWIFT_COMPILATION_MODE = wholemodule;
				SWIFT_OPTIMIZATION_LEVEL = "-O";
				VALIDATE_PRODUCT = YES;
			};
			name = Release;
		};
		1DD1AAF129D44709005895EA /* Debug */ = {
			isa = XCBuildConfiguration;
			buildSettings = {
				ASSETCATALOG_COMPILER_APPICON_NAME = AppIcon;
				ASSETCATALOG_COMPILER_GLOBAL_ACCENT_COLOR_NAME = AccentColor;
				CODE_SIGN_STYLE = Automatic;
				CURRENT_PROJECT_VERSION = 1;
				DEVELOPMENT_ASSET_PATHS = "\"xTChat/Preview Content\"";
				DEVELOPMENT_TEAM = 2Y3ZJP47KS;
				ENABLE_PREVIEWS = YES;
				GENERATE_INFOPLIST_FILE = YES;
				INFOPLIST_KEY_UIApplicationSceneManifest_Generation = YES;
				INFOPLIST_KEY_UIApplicationSupportsIndirectInputEvents = YES;
				INFOPLIST_KEY_UILaunchScreen_Generation = YES;
				INFOPLIST_KEY_UISupportedInterfaceOrientations_iPad = "UIInterfaceOrientationPortrait UIInterfaceOrientationPortraitUpsideDown UIInterfaceOrientationLandscapeLeft UIInterfaceOrientationLandscapeRight";
				INFOPLIST_KEY_UISupportedInterfaceOrientations_iPhone = "UIInterfaceOrientationPortrait UIInterfaceOrientationLandscapeLeft UIInterfaceOrientationLandscapeRight";
				LD_RUNPATH_SEARCH_PATHS = (
					"$(inherited)",
					"@executable_path/Frameworks",
				);
				MARKETING_VERSION = 1.0;
				PRODUCT_BUNDLE_IDENTIFIER = extypen.xTChat;
				PRODUCT_NAME = "$(TARGET_NAME)";
				SWIFT_EMIT_LOC_STRINGS = YES;
				SWIFT_VERSION = 5.0;
				TARGETED_DEVICE_FAMILY = "1,2";
			};
			name = Debug;
		};
		1DD1AAF229D44709005895EA /* Release */ = {
			isa = XCBuildConfiguration;
			buildSettings = {
				ASSETCATALOG_COMPILER_APPICON_NAME = AppIcon;
				ASSETCATALOG_COMPILER_GLOBAL_ACCENT_COLOR_NAME = AccentColor;
				CODE_SIGN_STYLE = Automatic;
				CURRENT_PROJECT_VERSION = 1;
				DEVELOPMENT_ASSET_PATHS = "\"xTChat/Preview Content\"";
				DEVELOPMENT_TEAM = 2Y3ZJP47KS;
				ENABLE_PREVIEWS = YES;
				GENERATE_INFOPLIST_FILE = YES;
				INFOPLIST_KEY_UIApplicationSceneManifest_Generation = YES;
				INFOPLIST_KEY_UIApplicationSupportsIndirectInputEvents = YES;
				INFOPLIST_KEY_UILaunchScreen_Generation = YES;
				INFOPLIST_KEY_UISupportedInterfaceOrientations_iPad = "UIInterfaceOrientationPortrait UIInterfaceOrientationPortraitUpsideDown UIInterfaceOrientationLandscapeLeft UIInterfaceOrientationLandscapeRight";
				INFOPLIST_KEY_UISupportedInterfaceOrientations_iPhone = "UIInterfaceOrientationPortrait UIInterfaceOrientationLandscapeLeft UIInterfaceOrientationLandscapeRight";
				LD_RUNPATH_SEARCH_PATHS = (
					"$(inherited)",
					"@executable_path/Frameworks",
				);
				MARKETING_VERSION = 1.0;
				PRODUCT_BUNDLE_IDENTIFIER = extypen.xTChat;
				PRODUCT_NAME = "$(TARGET_NAME)";
				SWIFT_EMIT_LOC_STRINGS = YES;
				SWIFT_VERSION = 5.0;
				TARGETED_DEVICE_FAMILY = "1,2";
			};
			name = Release;
		};
		1DD1AAF429D44709005895EA /* Debug */ = {
			isa = XCBuildConfiguration;
			buildSettings = {
				ALWAYS_EMBED_SWIFT_STANDARD_LIBRARIES = YES;
				BUNDLE_LOADER = "$(TEST_HOST)";
				CODE_SIGN_STYLE = Automatic;
				CURRENT_PROJECT_VERSION = 1;
				DEVELOPMENT_TEAM = 2Y3ZJP47KS;
				GENERATE_INFOPLIST_FILE = YES;
				IPHONEOS_DEPLOYMENT_TARGET = 16.2;
				MARKETING_VERSION = 1.0;
				PRODUCT_BUNDLE_IDENTIFIER = extypen.xTMessageTests;
				PRODUCT_NAME = "$(TARGET_NAME)";
				SWIFT_EMIT_LOC_STRINGS = NO;
				SWIFT_VERSION = 5.0;
				TARGETED_DEVICE_FAMILY = "1,2";
				TEST_HOST = "$(BUILT_PRODUCTS_DIR)/xTChat.app/$(BUNDLE_EXECUTABLE_FOLDER_PATH)/xTChat";
			};
			name = Debug;
		};
		1DD1AAF529D44709005895EA /* Release */ = {
			isa = XCBuildConfiguration;
			buildSettings = {
				ALWAYS_EMBED_SWIFT_STANDARD_LIBRARIES = YES;
				BUNDLE_LOADER = "$(TEST_HOST)";
				CODE_SIGN_STYLE = Automatic;
				CURRENT_PROJECT_VERSION = 1;
				DEVELOPMENT_TEAM = 2Y3ZJP47KS;
				GENERATE_INFOPLIST_FILE = YES;
				IPHONEOS_DEPLOYMENT_TARGET = 16.2;
				MARKETING_VERSION = 1.0;
				PRODUCT_BUNDLE_IDENTIFIER = extypen.xTMessageTests;
				PRODUCT_NAME = "$(TARGET_NAME)";
				SWIFT_EMIT_LOC_STRINGS = NO;
				SWIFT_VERSION = 5.0;
				TARGETED_DEVICE_FAMILY = "1,2";
				TEST_HOST = "$(BUILT_PRODUCTS_DIR)/xTChat.app/$(BUNDLE_EXECUTABLE_FOLDER_PATH)/xTChat";
			};
			name = Release;
		};
		1DD1AAF729D44709005895EA /* Debug */ = {
			isa = XCBuildConfiguration;
			buildSettings = {
				ALWAYS_EMBED_SWIFT_STANDARD_LIBRARIES = YES;
				CODE_SIGN_STYLE = Automatic;
				CURRENT_PROJECT_VERSION = 1;
				DEVELOPMENT_TEAM = 2Y3ZJP47KS;
				GENERATE_INFOPLIST_FILE = YES;
				MARKETING_VERSION = 1.0;
				PRODUCT_BUNDLE_IDENTIFIER = extypen.xTMessageUITests;
				PRODUCT_NAME = "$(TARGET_NAME)";
				SWIFT_EMIT_LOC_STRINGS = NO;
				SWIFT_VERSION = 5.0;
				TARGETED_DEVICE_FAMILY = "1,2";
				TEST_TARGET_NAME = xTMessage;
			};
			name = Debug;
		};
		1DD1AAF829D44709005895EA /* Release */ = {
			isa = XCBuildConfiguration;
			buildSettings = {
				ALWAYS_EMBED_SWIFT_STANDARD_LIBRARIES = YES;
				CODE_SIGN_STYLE = Automatic;
				CURRENT_PROJECT_VERSION = 1;
				DEVELOPMENT_TEAM = 2Y3ZJP47KS;
				GENERATE_INFOPLIST_FILE = YES;
				MARKETING_VERSION = 1.0;
				PRODUCT_BUNDLE_IDENTIFIER = extypen.xTMessageUITests;
				PRODUCT_NAME = "$(TARGET_NAME)";
				SWIFT_EMIT_LOC_STRINGS = NO;
				SWIFT_VERSION = 5.0;
				TARGETED_DEVICE_FAMILY = "1,2";
				TEST_TARGET_NAME = xTMessage;
			};
			name = Release;
		};
/* End XCBuildConfiguration section */

/* Begin XCConfigurationList section */
		1DD1AAC729D44707005895EA /* Build configuration list for PBXProject "xTChat" */ = {
			isa = XCConfigurationList;
			buildConfigurations = (
				1DD1AAEE29D44709005895EA /* Debug */,
				1DD1AAEF29D44709005895EA /* Release */,
			);
			defaultConfigurationIsVisible = 0;
			defaultConfigurationName = Release;
		};
		1DD1AAF029D44709005895EA /* Build configuration list for PBXNativeTarget "xTChat" */ = {
			isa = XCConfigurationList;
			buildConfigurations = (
				1DD1AAF129D44709005895EA /* Debug */,
				1DD1AAF229D44709005895EA /* Release */,
			);
			defaultConfigurationIsVisible = 0;
			defaultConfigurationName = Release;
		};
		1DD1AAF329D44709005895EA /* Build configuration list for PBXNativeTarget "xTChatTests" */ = {
			isa = XCConfigurationList;
			buildConfigurations = (
				1DD1AAF429D44709005895EA /* Debug */,
				1DD1AAF529D44709005895EA /* Release */,
			);
			defaultConfigurationIsVisible = 0;
			defaultConfigurationName = Release;
		};
		1DD1AAF629D44709005895EA /* Build configuration list for PBXNativeTarget "xTChatUITests" */ = {
			isa = XCConfigurationList;
			buildConfigurations = (
				1DD1AAF729D44709005895EA /* Debug */,
				1DD1AAF829D44709005895EA /* Release */,
			);
			defaultConfigurationIsVisible = 0;
			defaultConfigurationName = Release;
		};
/* End XCConfigurationList section */
	};
	rootObject = 1DD1AAC429D44707005895EA /* Project object */;
}
